// !$*UTF8*$!
{
	archiveVersion = 1;
	classes = {
	};
	objectVersion = 70;
	objects = {

/* Begin PBXBuildFile section */
		1A2B3C4D5E6F7A8000000001 /* SwiftMTP/SwiftMTPApp.swift in Sources */ = {isa = PBXBuildFile; fileRef = 1A2B3C4D5E6F7A8000000101 /* SwiftMTP/SwiftMTPApp.swift */; };
		1A2B3C4D5E6F7A8000000011 /* lib/libusb.dylib in CopyFiles */ = {isa = PBXBuildFile; fileRef = 1A2B3C4D5E6F7A8000000111 /* lib/libusb.dylib */; settings = {ATTRIBUTES = (CodeSignOnCopy, ); }; };
		1A2B3C4D5E6F7A8000000012 /* Localizable.xcstrings in Sources */ = {isa = PBXBuildFile; fileRef = 1A2B3C4D5E6F7A8000000130 /* Localizable.xcstrings */; };
		1A2B3C4D5E6F7A8000000013 /* IOKit.framework in Frameworks */ = {isa = PBXBuildFile; fileRef = 1A2B3C4D5E6F7A8000000131 /* IOKit.framework */; };
		C705622C2F875E5F0055C8BE /* FavoriteItem.swift in Sources */ = {isa = PBXBuildFile; fileRef = C705622B2F875E5F0055C8BE /* FavoriteItem.swift */; };
		C705622E2F875E6E0055C8BE /* FavoritesManager.swift in Sources */ = {isa = PBXBuildFile; fileRef = C705622D2F875E6E0055C8BE /* FavoritesManager.swift */; };
		C717C1E32FDEE45400E667E9 /* GomtpShim.c in Sources */ = {isa = PBXBuildFile; fileRef = C7887B912FD52B81005B5BDD /* GomtpShim.c */; };
		C725E65B2F7CCDD0007937AB /* ErrorStringLocalizer.swift in Sources */ = {isa = PBXBuildFile; fileRef = C725E65A2F7CCDD0007937AB /* ErrorStringLocalizer.swift */; };
		C72F6C242F87DFF10015604B /* QuickLookOverlayView.swift in Sources */ = {isa = PBXBuildFile; fileRef = C72F6C232F87DFF10015604B /* QuickLookOverlayView.swift */; };
		C7516A6B2F800866006B1603 /* USBProtocol.swift in Sources */ = {isa = PBXBuildFile; fileRef = C7516A6A2F800866006B1603 /* USBProtocol.swift */; };
		C7516A6E2F8008A5006B1603 /* MTPFile.swift in Sources */ = {isa = PBXBuildFile; fileRef = C7516A6D2F8008A5006B1603 /* MTPFile.swift */; };
		C7516A6F2F8008A5006B1603 /* MTPDevice.swift in Sources */ = {isa = PBXBuildFile; fileRef = C7516A6C2F8008A5006B1603 /* MTPDevice.swift */; };
		C7516A722F8008D9006B1603 /* MTPManager.swift in Sources */ = {isa = PBXBuildFile; fileRef = C7516A702F8008D9006B1603 /* MTPManager.swift */; };
		C7516A732F8008D9006B1603 /* USBMonitor.swift in Sources */ = {isa = PBXBuildFile; fileRef = C7516A712F8008D9006B1603 /* USBMonitor.swift */; };
		C7516A762F800911006B1603 /* MainView.swift in Sources */ = {isa = PBXBuildFile; fileRef = C7516A752F800911006B1603 /* MainView.swift */; };
		C7516A772F800911006B1603 /* FileListView.swift in Sources */ = {isa = PBXBuildFile; fileRef = C7516A742F800911006B1603 /* FileListView.swift */; };
		C7516A7A2F800928006B1603 /* SidebarView.swift in Sources */ = {isa = PBXBuildFile; fileRef = C7516A782F800928006B1603 /* SidebarView.swift */; };
		C7516A7B2F800928006B1603 /* ToolbarViews.swift in Sources */ = {isa = PBXBuildFile; fileRef = C7516A792F800928006B1603 /* ToolbarViews.swift */; };
		C75229252FACFB330044B6AB /* AIManager.swift in Sources */ = {isa = PBXBuildFile; fileRef = C75229242FACFB330044B6AB /* AIManager.swift */; };
		C7887B902FD52A96005B5BDD /* gomtp.dylib in Frameworks */ = {isa = PBXBuildFile; fileRef = C7887B8F2FD52A96005B5BDD /* gomtp.dylib */; };
		C7887B922FD52B81005B5BDD /* GomtpShim.c in Sources */ = {isa = PBXBuildFile; fileRef = C7887B912FD52B81005B5BDD /* GomtpShim.c */; };
		C7887B932FD52B93005B5BDD /* gomtp.dylib in CopyFiles */ = {isa = PBXBuildFile; fileRef = C7887B8F2FD52A96005B5BDD /* gomtp.dylib */; settings = {ATTRIBUTES = (CodeSignOnCopy, ); }; };
		C7AC001A2F9A00010055C8BE /* UpdateChecker.swift in Sources */ = {isa = PBXBuildFile; fileRef = C7AC00192F9A00010055C8BE /* UpdateChecker.swift */; };
		C7B582582FE91BC600AD4869 /* swiftmtp-cli in CopyFiles */ = {isa = PBXBuildFile; fileRef = C717C1DA2FDEDFBE00E667E9 /* swiftmtp-cli */; settings = {ATTRIBUTES = (CodeSignOnCopy, ); }; };
		C7B754552F8A219B0075406B /* SettingsView.swift in Sources */ = {isa = PBXBuildFile; fileRef = C7B754542F8A219B0075406B /* SettingsView.swift */; };
		C7B754572F8A21C70075406B /* Assets.xcassets in Resources */ = {isa = PBXBuildFile; fileRef = C7B754562F8A21C70075406B /* Assets.xcassets */; };
		C7C4AFF32F83B37E0047364C /* MTPDeviceInfo.swift in Sources */ = {isa = PBXBuildFile; fileRef = C7C4AFF22F83B37E0047364C /* MTPDeviceInfo.swift */; };
		C7C839F62FADC6F700A40C35 /* AINLSearch.swift in Sources */ = {isa = PBXBuildFile; fileRef = C7C839F52FADC6F700A40C35 /* AINLSearch.swift */; };
		C7E5F65E2F78FF56004B6939 /* MTPIcon.icon in Resources */ = {isa = PBXBuildFile; fileRef = C7A475DB2F78E957005EDC2E /* MTPIcon.icon */; };
		C7FB2E5E2F7A6F6C0036FE3B /* TransferStatistics.swift in Sources */ = {isa = PBXBuildFile; fileRef = C7FB2E5D2F7A6F6C0036FE3B /* TransferStatistics.swift */; };
		EE5C5A252FF50F690088FF1E /* SwiftMTP.xcdatamodeld in Sources */ = {isa = PBXBuildFile; fileRef = EE5C5A232FF50F690088FF1E /* SwiftMTP.xcdatamodeld */; };
		EE5C5A302FF511720088FF1E /* SyncMirror+CoreDataProperties.swift in Sources */ = {isa = PBXBuildFile; fileRef = EE5C5A2F2FF511720088FF1E /* SyncMirror+CoreDataProperties.swift */; };
		EE5C5A312FF511720088FF1E /* SyncMirror+CoreDataClass.swift in Sources */ = {isa = PBXBuildFile; fileRef = EE5C5A2E2FF511720088FF1E /* SyncMirror+CoreDataClass.swift */; };
		EE5C5A352FF513420088FF1E /* CoreDataManager.swift in Sources */ = {isa = PBXBuildFile; fileRef = EE5C5A332FF5133E0088FF1E /* CoreDataManager.swift */; };
		EE5C5A3D2FF541F20088FF1E /* MirrorManager.swift in Sources */ = {isa = PBXBuildFile; fileRef = EE5C5A3C2FF541F20088FF1E /* MirrorManager.swift */; };
		EE5C5A3F2FF541FC0088FF1E /* MirrorVM.swift in Sources */ = {isa = PBXBuildFile; fileRef = EE5C5A3E2FF541FC0088FF1E /* MirrorVM.swift */; };
		EE5C5A412FF542110088FF1E /* MirrorDiff.swift in Sources */ = {isa = PBXBuildFile; fileRef = EE5C5A402FF542110088FF1E /* MirrorDiff.swift */; };
/* End PBXBuildFile section */

/* Begin PBXContainerItemProxy section */
		C7B582552FE91A0A00AD4869 /* PBXContainerItemProxy */ = {
			isa = PBXContainerItemProxy;
			containerPortal = 1A2B3C4D5E6F7A8000000800 /* Project object */;
			proxyType = 1;
			remoteGlobalIDString = C717C1D92FDEDFBE00E667E9;
			remoteInfo = "swiftmtp-cli";
		};
/* End PBXContainerItemProxy section */

/* Begin PBXCopyFilesBuildPhase section */
		1A2B3C4D5E6F7A8000000420 /* CopyFiles */ = {
			isa = PBXCopyFilesBuildPhase;
			buildActionMask = 2147483647;
			dstPath = "";
			dstSubfolderSpec = 10;
			files = (
				1A2B3C4D5E6F7A8000000011 /* lib/libusb.dylib in CopyFiles */,
				C7887B932FD52B93005B5BDD /* gomtp.dylib in CopyFiles */,
			);
			runOnlyForDeploymentPostprocessing = 0;
		};
		C717C1D82FDEDFBE00E667E9 /* CopyFiles */ = {
			isa = PBXCopyFilesBuildPhase;
			buildActionMask = 2147483647;
			dstPath = /usr/share/man/man1/;
			dstSubfolderSpec = 0;
			files = (
			);
			runOnlyForDeploymentPostprocessing = 1;
		};
		C7B582572FE91BAB00AD4869 /* CopyFiles */ = {
			isa = PBXCopyFilesBuildPhase;
			buildActionMask = 2147483647;
			dstPath = "";
			dstSubfolderSpec = 6;
			files = (
				C7B582582FE91BC600AD4869 /* swiftmtp-cli in CopyFiles */,
			);
			runOnlyForDeploymentPostprocessing = 0;
		};
/* End PBXCopyFilesBuildPhase section */

/* Begin PBXFileReference section */
		1A2B3C4D5E6F7A8000000101 /* SwiftMTP/SwiftMTPApp.swift */ = {isa = PBXFileReference; lastKnownFileType = sourcecode.swift; path = SwiftMTP/SwiftMTPApp.swift; sourceTree = "<group>"; };
		1A2B3C4D5E6F7A8000000111 /* lib/libusb.dylib */ = {isa = PBXFileReference; lastKnownFileType = "compiled.mach-o.dylib"; path = lib/libusb.dylib; sourceTree = "<group>"; };
		1A2B3C4D5E6F7A8000000120 /* SwiftMTP-Bridging-Header.h */ = {isa = PBXFileReference; lastKnownFileType = sourcecode.c.h; path = "SwiftMTP-Bridging-Header.h"; sourceTree = "<group>"; };
		1A2B3C4D5E6F7A8000000130 /* Localizable.xcstrings */ = {isa = PBXFileReference; lastKnownFileType = text.xcstrings; path = Localizable.xcstrings; sourceTree = "<group>"; };
		1A2B3C4D5E6F7A8000000131 /* IOKit.framework */ = {isa = PBXFileReference; lastKnownFileType = wrapper.framework; name = IOKit.framework; path = System/Library/Frameworks/IOKit.framework; sourceTree = SDKROOT; };
		C705622B2F875E5F0055C8BE /* FavoriteItem.swift */ = {isa = PBXFileReference; lastKnownFileType = sourcecode.swift; name = FavoriteItem.swift; path = SwiftMTP/Models/FavoriteItem.swift; sourceTree = "<group>"; };
		C705622D2F875E6E0055C8BE /* FavoritesManager.swift */ = {isa = PBXFileReference; lastKnownFileType = sourcecode.swift; name = FavoritesManager.swift; path = SwiftMTP/Services/FavoritesManager.swift; sourceTree = "<group>"; };
		C717C1DA2FDEDFBE00E667E9 /* swiftmtp-cli */ = {isa = PBXFileReference; explicitFileType = "compiled.mach-o.executable"; includeInIndex = 0; path = "swiftmtp-cli"; sourceTree = BUILT_PRODUCTS_DIR; };
		C725E65A2F7CCDD0007937AB /* ErrorStringLocalizer.swift */ = {isa = PBXFileReference; lastKnownFileType = sourcecode.swift; name = ErrorStringLocalizer.swift; path = SwiftMTP/Services/ErrorStringLocalizer.swift; sourceTree = "<group>"; };
		C72F6C232F87DFF10015604B /* QuickLookOverlayView.swift */ = {isa = PBXFileReference; lastKnownFileType = sourcecode.swift; name = QuickLookOverlayView.swift; path = SwiftMTP/Views/QuickLookOverlayView.swift; sourceTree = "<group>"; };
		C74E682E2F78CF5100F8A2FE /* SwiftMTP.app */ = {isa = PBXFileReference; explicitFileType = wrapper.application; includeInIndex = 0; path = SwiftMTP.app; sourceTree = BUILT_PRODUCTS_DIR; };
		C7516A6A2F800866006B1603 /* USBProtocol.swift */ = {isa = PBXFileReference; lastKnownFileType = sourcecode.swift; name = USBProtocol.swift; path = SwiftMTP/Models/USBProtocol.swift; sourceTree = "<group>"; };
		C7516A6C2F8008A5006B1603 /* MTPDevice.swift */ = {isa = PBXFileReference; lastKnownFileType = sourcecode.swift; name = MTPDevice.swift; path = SwiftMTP/Models/MTPDevice.swift; sourceTree = "<group>"; };
		C7516A6D2F8008A5006B1603 /* MTPFile.swift */ = {isa = PBXFileReference; lastKnownFileType = sourcecode.swift; name = MTPFile.swift; path = SwiftMTP/Models/MTPFile.swift; sourceTree = "<group>"; };
		C7516A702F8008D9006B1603 /* MTPManager.swift */ = {isa = PBXFileReference; lastKnownFileType = sourcecode.swift; name = MTPManager.swift; path = SwiftMTP/Services/MTPManager.swift; sourceTree = "<group>"; };
		C7516A712F8008D9006B1603 /* USBMonitor.swift */ = {isa = PBXFileReference; lastKnownFileType = sourcecode.swift; name = USBMonitor.swift; path = SwiftMTP/Services/USBMonitor.swift; sourceTree = "<group>"; };
		C7516A742F800911006B1603 /* FileListView.swift */ = {isa = PBXFileReference; lastKnownFileType = sourcecode.swift; name = FileListView.swift; path = SwiftMTP/Views/FileListView.swift; sourceTree = "<group>"; };
		C7516A752F800911006B1603 /* MainView.swift */ = {isa = PBXFileReference; lastKnownFileType = sourcecode.swift; name = MainView.swift; path = SwiftMTP/Views/MainView.swift; sourceTree = "<group>"; };
		C7516A782F800928006B1603 /* SidebarView.swift */ = {isa = PBXFileReference; lastKnownFileType = sourcecode.swift; name = SidebarView.swift; path = SwiftMTP/Views/SidebarView.swift; sourceTree = "<group>"; };
		C7516A792F800928006B1603 /* ToolbarViews.swift */ = {isa = PBXFileReference; lastKnownFileType = sourcecode.swift; name = ToolbarViews.swift; path = SwiftMTP/Views/ToolbarViews.swift; sourceTree = "<group>"; };
		C75229242FACFB330044B6AB /* AIManager.swift */ = {isa = PBXFileReference; lastKnownFileType = sourcecode.swift; name = AIManager.swift; path = SwiftMTP/Services/AIManager.swift; sourceTree = "<group>"; };
		C7887B8F2FD52A96005B5BDD /* gomtp.dylib */ = {isa = PBXFileReference; lastKnownFileType = "compiled.mach-o.dylib"; name = gomtp.dylib; path = lib/gomtp.dylib; sourceTree = "<group>"; };
		C7887B912FD52B81005B5BDD /* GomtpShim.c */ = {isa = PBXFileReference; lastKnownFileType = sourcecode.c.c; name = GomtpShim.c; path = GomtpShim/GomtpShim.c; sourceTree = "<group>"; };
		C7A475DB2F78E957005EDC2E /* MTPIcon.icon */ = {isa = PBXFileReference; lastKnownFileType = folder.iconcomposer.icon; path = MTPIcon.icon; sourceTree = "<group>"; };
		C7AC00192F9A00010055C8BE /* UpdateChecker.swift */ = {isa = PBXFileReference; lastKnownFileType = sourcecode.swift; name = UpdateChecker.swift; path = SwiftMTP/Services/UpdateChecker.swift; sourceTree = "<group>"; };
		C7B754542F8A219B0075406B /* SettingsView.swift */ = {isa = PBXFileReference; lastKnownFileType = sourcecode.swift; name = SettingsView.swift; path = SwiftMTP/Views/SettingsView.swift; sourceTree = "<group>"; };
		C7B754562F8A21C70075406B /* Assets.xcassets */ = {isa = PBXFileReference; lastKnownFileType = folder.assetcatalog; path = Assets.xcassets; sourceTree = "<group>"; };
		C7C4AFF22F83B37E0047364C /* MTPDeviceInfo.swift */ = {isa = PBXFileReference; lastKnownFileType = sourcecode.swift; name = MTPDeviceInfo.swift; path = SwiftMTP/Models/MTPDeviceInfo.swift; sourceTree = "<group>"; };
		C7C839F52FADC6F700A40C35 /* AINLSearch.swift */ = {isa = PBXFileReference; lastKnownFileType = sourcecode.swift; name = AINLSearch.swift; path = SwiftMTP/Services/AINLSearch.swift; sourceTree = "<group>"; };
		C7FB2E5D2F7A6F6C0036FE3B /* TransferStatistics.swift */ = {isa = PBXFileReference; lastKnownFileType = sourcecode.swift; name = TransferStatistics.swift; path = SwiftMTP/Models/TransferStatistics.swift; sourceTree = "<group>"; };
		EE5C5A242FF50F690088FF1E /* SwiftMTP.xcdatamodel */ = {isa = PBXFileReference; lastKnownFileType = wrapper.xcdatamodel; path = SwiftMTP.xcdatamodel; sourceTree = "<group>"; };
		EE5C5A2E2FF511720088FF1E /* SyncMirror+CoreDataClass.swift */ = {isa = PBXFileReference; lastKnownFileType = sourcecode.swift; name = "SyncMirror+CoreDataClass.swift"; path = "SwiftMTP/Models/SyncMirror+CoreDataClass.swift"; sourceTree = "<group>"; };
		EE5C5A2F2FF511720088FF1E /* SyncMirror+CoreDataProperties.swift */ = {isa = PBXFileReference; lastKnownFileType = sourcecode.swift; path = "SyncMirror+CoreDataProperties.swift"; sourceTree = "<group>"; };
		EE5C5A332FF5133E0088FF1E /* CoreDataManager.swift */ = {isa = PBXFileReference; lastKnownFileType = sourcecode.swift; path = CoreDataManager.swift; sourceTree = "<group>"; };
		EE5C5A3C2FF541F20088FF1E /* MirrorManager.swift */ = {isa = PBXFileReference; lastKnownFileType = sourcecode.swift; name = MirrorManager.swift; path = SwiftMTP/Services/MirrorManager.swift; sourceTree = "<group>"; };
		EE5C5A3E2FF541FC0088FF1E /* MirrorVM.swift */ = {isa = PBXFileReference; lastKnownFileType = sourcecode.swift; name = MirrorVM.swift; path = SwiftMTP/Services/MirrorVM.swift; sourceTree = "<group>"; };
		EE5C5A402FF542110088FF1E /* MirrorDiff.swift */ = {isa = PBXFileReference; lastKnownFileType = sourcecode.swift; name = MirrorDiff.swift; path = SwiftMTP/Models/MirrorDiff.swift; sourceTree = "<group>"; };
/* End PBXFileReference section */

/* Begin PBXFileSystemSynchronizedBuildFileExceptionSet section */
		C7E51F312FEEBE4600752533 /* PBXFileSystemSynchronizedBuildFileExceptionSet */ = {
			isa = PBXFileSystemSynchronizedBuildFileExceptionSet;
			membershipExceptions = (
				CLI_USAGE.md,
			);
			target = 1A2B3C4D5E6F7A8000000500 /* SwiftMTP */;
		};
/* End PBXFileSystemSynchronizedBuildFileExceptionSet section */

/* Begin PBXFileSystemSynchronizedRootGroup section */
		C717C1DB2FDEDFBE00E667E9 /* swiftmtp-cli */ = {isa = PBXFileSystemSynchronizedRootGroup; exceptions = (C7E51F312FEEBE4600752533 /* PBXFileSystemSynchronizedBuildFileExceptionSet */, ); explicitFileTypes = {}; explicitFolders = (); path = "swiftmtp-cli"; sourceTree = "<group>"; };
/* End PBXFileSystemSynchronizedRootGroup section */

/* Begin PBXFrameworksBuildPhase section */
		1A2B3C4D5E6F7A8000000410 /* Frameworks */ = {
			isa = PBXFrameworksBuildPhase;
			buildActionMask = 2147483647;
			files = (
				C7887B902FD52A96005B5BDD /* gomtp.dylib in Frameworks */,
				1A2B3C4D5E6F7A8000000013 /* IOKit.framework in Frameworks */,
			);
			runOnlyForDeploymentPostprocessing = 0;
		};
		C717C1D72FDEDFBE00E667E9 /* Frameworks */ = {
			isa = PBXFrameworksBuildPhase;
			buildActionMask = 2147483647;
			files = (
			);
			runOnlyForDeploymentPostprocessing = 0;
		};
/* End PBXFrameworksBuildPhase section */

/* Begin PBXGroup section */
		1A2B3C4D5E6F7A8000000200 = {
			isa = PBXGroup;
			children = (
				C7B754562F8A21C70075406B /* Assets.xcassets */,
				1A2B3C4D5E6F7A8000000300 /* SwiftMTP */,
				1A2B3C4D5E6F7A8000000350 /* Shim */,
				1A2B3C4D5E6F7A8000000310 /* lib */,
				1A2B3C4D5E6F7A8000000120 /* SwiftMTP-Bridging-Header.h */,
				1A2B3C4D5E6F7A8000000130 /* Localizable.xcstrings */,
				C717C1DB2FDEDFBE00E667E9 /* swiftmtp-cli */,
				C74E682D2F78CF5100F8A2FE /* Recovered References */,
				C74E682E2F78CF5100F8A2FE /* SwiftMTP.app */,
				C717C1DA2FDEDFBE00E667E9 /* swiftmtp-cli */,
			);
			sourceTree = "<group>";
		};
		1A2B3C4D5E6F7A8000000300 /* SwiftMTP */ = {
			isa = PBXGroup;
			children = (
				1A2B3C4D5E6F7A8000000101 /* SwiftMTP/SwiftMTPApp.swift */,
				1A2B3C4D5E6F7A8000000320 /* Views */,
				1A2B3C4D5E6F7A8000000330 /* Services */,
				1A2B3C4D5E6F7A8000000340 /* Models */,
				C7A475DB2F78E957005EDC2E /* MTPIcon.icon */,
				EE5C5A232FF50F690088FF1E /* SwiftMTP.xcdatamodeld */,
			);
			name = SwiftMTP;
			sourceTree = "<group>";
		};
		1A2B3C4D5E6F7A8000000310 /* lib */ = {
			isa = PBXGroup;
			children = (
				C7887B8F2FD52A96005B5BDD /* gomtp.dylib */,
				1A2B3C4D5E6F7A8000000111 /* lib/libusb.dylib */,
			);
			name = lib;
			sourceTree = "<group>";
		};
		1A2B3C4D5E6F7A8000000320 /* Views */ = {
			isa = PBXGroup;
			children = (
				C7B754542F8A219B0075406B /* SettingsView.swift */,
				C72F6C232F87DFF10015604B /* QuickLookOverlayView.swift */,
				C7516A782F800928006B1603 /* SidebarView.swift */,
				C7516A792F800928006B1603 /* ToolbarViews.swift */,
				C7516A742F800911006B1603 /* FileListView.swift */,
				C7516A752F800911006B1603 /* MainView.swift */,
			);
			name = Views;
			sourceTree = "<group>";
		};
		1A2B3C4D5E6F7A8000000330 /* Services */ = {
			isa = PBXGroup;
			children = (
				C7C839F52FADC6F700A40C35 /* AINLSearch.swift */,
				C75229242FACFB330044B6AB /* AIManager.swift */,
				C705622D2F875E6E0055C8BE /* FavoritesManager.swift */,
				C7516A702F8008D9006B1603 /* MTPManager.swift */,
				C7516A712F8008D9006B1603 /* USBMonitor.swift */,
				C725E65A2F7CCDD0007937AB /* ErrorStringLocalizer.swift */,
				C7AC00192F9A00010055C8BE /* UpdateChecker.swift */,
				EE5C5A332FF5133E0088FF1E /* CoreDataManager.swift */,
				EE5C5A3C2FF541F20088FF1E /* MirrorManager.swift */,
				EE5C5A3E2FF541FC0088FF1E /* MirrorVM.swift */,
			);
			name = Services;
			sourceTree = "<group>";
		};
		1A2B3C4D5E6F7A8000000340 /* Models */ = {
			isa = PBXGroup;
			children = (
				C705622B2F875E5F0055C8BE /* FavoriteItem.swift */,
				C7C4AFF22F83B37E0047364C /* MTPDeviceInfo.swift */,
				C7516A6C2F8008A5006B1603 /* MTPDevice.swift */,
				C7516A6D2F8008A5006B1603 /* MTPFile.swift */,
				C7516A6A2F800866006B1603 /* USBProtocol.swift */,
				C7FB2E5D2F7A6F6C0036FE3B /* TransferStatistics.swift */,
				EE5C5A2E2FF511720088FF1E /* SyncMirror+CoreDataClass.swift */,
				EE5C5A2F2FF511720088FF1E /* SyncMirror+CoreDataProperties.swift */,
				EE5C5A402FF542110088FF1E /* MirrorDiff.swift */,
			);
			name = Models;
			sourceTree = "<group>";
		};
		1A2B3C4D5E6F7A8000000350 /* Shim */ = {
			isa = PBXGroup;
			children = (
				C7887B912FD52B81005B5BDD /* GomtpShim.c */,
			);
			name = Shim;
			sourceTree = "<group>";
		};
		C74E682D2F78CF5100F8A2FE /* Recovered References */ = {
			isa = PBXGroup;
			children = (
				1A2B3C4D5E6F7A8000000131 /* IOKit.framework */,
			);
			name = "Recovered References";
			sourceTree = "<group>";
		};
/* End PBXGroup section */

/* Begin PBXNativeTarget section */
		1A2B3C4D5E6F7A8000000500 /* SwiftMTP */ = {
			isa = PBXNativeTarget;
			buildConfigurationList = 1A2B3C4D5E6F7A8000000600 /* Build configuration list for PBXNativeTarget "SwiftMTP" */;
			buildPhases = (
				1A2B3C4D5E6F7A8000000430 /* ShellScript */,
				1A2B3C4D5E6F7A8000000400 /* Sources */,
				1A2B3C4D5E6F7A8000000410 /* Frameworks */,
				1A2B3C4D5E6F7A8000000420 /* CopyFiles */,
				C7B582572FE91BAB00AD4869 /* CopyFiles */,
				C7E5F65D2F78FF4F004B6939 /* Resources */,
			);
			buildRules = (
			);
			dependencies = (
				C7B582562FE91A0A00AD4869 /* PBXTargetDependency */,
			);
			name = SwiftMTP;
			productName = SwiftMTP;
			productReference = C74E682E2F78CF5100F8A2FE /* SwiftMTP.app */;
			productType = "com.apple.product-type.application";
		};
		C717C1D92FDEDFBE00E667E9 /* swiftmtp-cli */ = {
			isa = PBXNativeTarget;
			buildConfigurationList = C717C1E02FDEDFBE00E667E9 /* Build configuration list for PBXNativeTarget "swiftmtp-cli" */;
			buildPhases = (
				C717C1D62FDEDFBE00E667E9 /* Sources */,
				C717C1D72FDEDFBE00E667E9 /* Frameworks */,
				C717C1D82FDEDFBE00E667E9 /* CopyFiles */,
			);
			buildRules = (
			);
			dependencies = (
			);
			fileSystemSynchronizedGroups = (
				C717C1DB2FDEDFBE00E667E9 /* swiftmtp-cli */,
			);
			name = "swiftmtp-cli";
			packageProductDependencies = (
			);
			productName = "swiftmtp-cli";
			productReference = C717C1DA2FDEDFBE00E667E9 /* swiftmtp-cli */;
			productType = "com.apple.product-type.tool";
		};
/* End PBXNativeTarget section */

/* Begin PBXProject section */
		1A2B3C4D5E6F7A8000000800 /* Project object */ = {
			isa = PBXProject;
			attributes = {
				BuildIndependentTargetsInParallel = YES;
				LastSwiftUpdateCheck = 2630;
				LastUpgradeCheck = 2610;
				TargetAttributes = {
					C717C1D92FDEDFBE00E667E9 = {
						CreatedOnToolsVersion = 26.3;
					};
				};
			};
			buildConfigurationList = 1A2B3C4D5E6F7A8000000900 /* Build configuration list for PBXProject "SwiftMTP" */;
			compatibilityVersion = "Xcode 15.0";
			developmentRegion = en;
			hasScannedForEncodings = 0;
			knownRegions = (
				en,
				es,
				ja,
				"zh-Hans",
				"zh-Hant",
				Base,
				ru,
			);
			mainGroup = 1A2B3C4D5E6F7A8000000200;
			productRefGroup = 1A2B3C4D5E6F7A8000000200;
			projectDirPath = "";
			projectRoot = "";
			targets = (
				C717C1D92FDEDFBE00E667E9 /* swiftmtp-cli */,
				1A2B3C4D5E6F7A8000000500 /* SwiftMTP */,
			);
		};
/* End PBXProject section */

/* Begin PBXResourcesBuildPhase section */
		C7E5F65D2F78FF4F004B6939 /* Resources */ = {
			isa = PBXResourcesBuildPhase;
			buildActionMask = 2147483647;
			files = (
				C7B754572F8A21C70075406B /* Assets.xcassets in Resources */,
				C7E5F65E2F78FF56004B6939 /* MTPIcon.icon in Resources */,
			);
			runOnlyForDeploymentPostprocessing = 0;
		};
/* End PBXResourcesBuildPhase section */

/* Begin PBXShellScriptBuildPhase section */
		1A2B3C4D5E6F7A8000000430 /* ShellScript */ = {
			isa = PBXShellScriptBuildPhase;
			buildActionMask = 2147483647;
			files = (
			);
			inputPaths = (
				"$(SRCROOT)/lib/gomtp.dylib",
				"$(SRCROOT)/lib/libusb.dylib",
			);
			outputPaths = (
				"$(DERIVED_FILE_DIR)/fix-dylib-install-names.stamp",
			);
			runOnlyForDeploymentPostprocessing = 0;
			shellPath = /bin/sh;
			shellScript = "install_name_tool -id \"@rpath/gomtp.dylib\" \"${SRCROOT}/lib/gomtp.dylib\" 2>/dev/null || true\ninstall_name_tool -id \"@rpath/libusb.dylib\" \"${SRCROOT}/lib/libusb.dylib\" 2>/dev/null || true\ntouch \"${DERIVED_FILE_DIR}/fix-dylib-install-names.stamp\"\n";
		};
/* End PBXShellScriptBuildPhase section */

/* Begin PBXSourcesBuildPhase section */
		1A2B3C4D5E6F7A8000000400 /* Sources */ = {
			isa = PBXSourcesBuildPhase;
			buildActionMask = 2147483647;
			files = (
				1A2B3C4D5E6F7A8000000001 /* SwiftMTP/SwiftMTPApp.swift in Sources */,
				C7516A6B2F800866006B1603 /* USBProtocol.swift in Sources */,
				C7516A762F800911006B1603 /* MainView.swift in Sources */,
				EE5C5A3F2FF541FC0088FF1E /* MirrorVM.swift in Sources */,
				EE5C5A252FF50F690088FF1E /* SwiftMTP.xcdatamodeld in Sources */,
				EE5C5A412FF542110088FF1E /* MirrorDiff.swift in Sources */,
				C7516A772F800911006B1603 /* FileListView.swift in Sources */,
				C7FB2E5E2F7A6F6C0036FE3B /* TransferStatistics.swift in Sources */,
				EE5C5A3D2FF541F20088FF1E /* MirrorManager.swift in Sources */,
				C72F6C242F87DFF10015604B /* QuickLookOverlayView.swift in Sources */,
				C7887B922FD52B81005B5BDD /* GomtpShim.c in Sources */,
				C7516A7A2F800928006B1603 /* SidebarView.swift in Sources */,
				C7516A7B2F800928006B1603 /* ToolbarViews.swift in Sources */,
				C7516A722F8008D9006B1603 /* MTPManager.swift in Sources */,
				C7C839F62FADC6F700A40C35 /* AINLSearch.swift in Sources */,
				C75229252FACFB330044B6AB /* AIManager.swift in Sources */,
				C7516A732F8008D9006B1603 /* USBMonitor.swift in Sources */,
				EE5C5A302FF511720088FF1E /* SyncMirror+CoreDataProperties.swift in Sources */,
				EE5C5A312FF511720088FF1E /* SyncMirror+CoreDataClass.swift in Sources */,
				1A2B3C4D5E6F7A8000000012 /* Localizable.xcstrings in Sources */,
				C705622E2F875E6E0055C8BE /* FavoritesManager.swift in Sources */,
				C7516A6E2F8008A5006B1603 /* MTPFile.swift in Sources */,
				C705622C2F875E5F0055C8BE /* FavoriteItem.swift in Sources */,
				EE5C5A352FF513420088FF1E /* CoreDataManager.swift in Sources */,
				C7516A6F2F8008A5006B1603 /* MTPDevice.swift in Sources */,
				C7C4AFF32F83B37E0047364C /* MTPDeviceInfo.swift in Sources */,
				C725E65B2F7CCDD0007937AB /* ErrorStringLocalizer.swift in Sources */,
				C7B754552F8A219B0075406B /* SettingsView.swift in Sources */,
				C7AC001A2F9A00010055C8BE /* UpdateChecker.swift in Sources */,
			);
			runOnlyForDeploymentPostprocessing = 0;
		};
		C717C1D62FDEDFBE00E667E9 /* Sources */ = {
			isa = PBXSourcesBuildPhase;
			buildActionMask = 2147483647;
			files = (
				C717C1E32FDEE45400E667E9 /* GomtpShim.c in Sources */,
			);
			runOnlyForDeploymentPostprocessing = 0;
		};
/* End PBXSourcesBuildPhase section */

/* Begin PBXTargetDependency section */
		C7B582562FE91A0A00AD4869 /* PBXTargetDependency */ = {
			isa = PBXTargetDependency;
			target = C717C1D92FDEDFBE00E667E9 /* swiftmtp-cli */;
			targetProxy = C7B582552FE91A0A00AD4869 /* PBXContainerItemProxy */;
		};
/* End PBXTargetDependency section */

/* Begin XCBuildConfiguration section */
		1A2B3C4D5E6F7A8000000610 /* Debug */ = {
			isa = XCBuildConfiguration;
			buildSettings = {
				ALWAYS_SEARCH_USER_PATHS = NO;
				ASSETCATALOG_COMPILER_APPICON_NAME = MTPIcon;
				ASSETCATALOG_COMPILER_INCLUDE_ALL_APPICON_ASSETS = YES;
				CLANG_ANALYZER_NONNULL = YES;
				CLANG_CXX_LANGUAGE_STANDARD = "gnu++14";
				CLANG_ENABLE_MODULES = YES;
				CLANG_WARN_STRICT_PROTOTYPES = YES;
				CODE_SIGN_ENTITLEMENTS = SwiftMTP/SwiftMTP.entitlements;
				"CODE_SIGN_IDENTITY[sdk=macosx*]" = "-";
				CODE_SIGN_STYLE = Automatic;
				CURRENT_PROJECT_VERSION = 18;
				DEAD_CODE_STRIPPING = YES;
				DEVELOPMENT_ASSET_PATHS = "";
				ENABLE_APP_SANDBOX = YES;
				ENABLE_HARDENED_RUNTIME = YES;
				ENABLE_INCOMING_NETWORK_CONNECTIONS = NO;
				ENABLE_OUTGOING_NETWORK_CONNECTIONS = NO;
				ENABLE_RESOURCE_ACCESS_AUDIO_INPUT = NO;
				ENABLE_RESOURCE_ACCESS_BLUETOOTH = NO;
				ENABLE_RESOURCE_ACCESS_CALENDARS = NO;
				ENABLE_RESOURCE_ACCESS_CAMERA = NO;
				ENABLE_RESOURCE_ACCESS_CONTACTS = NO;
				ENABLE_RESOURCE_ACCESS_LOCATION = NO;
				ENABLE_RESOURCE_ACCESS_PRINTING = NO;
				ENABLE_RESOURCE_ACCESS_USB = YES;
				ENABLE_STRICT_OBJC_MSGSEND = YES;
				ENABLE_USER_SELECTED_FILES = readwrite;
				INFOPLIST_FILE = Info.plist;
				INFOPLIST_KEY_LSApplicationCategoryType = "public.app-category.utilities";
				LD_RUNPATH_SEARCH_PATHS = (
					"$(inherited)",
					"@executable_path/../Frameworks",
				);
				LIBRARY_SEARCH_PATHS = (
					"$(inherited)",
					"$(PROJECT_DIR)/lib",
				);
				MACOSX_DEPLOYMENT_TARGET = 12.0;
				MARKETING_VERSION = 1.2.3;
				OTHER_LDFLAGS = (
					"$(inherited)",
					"-ld_new",
					"$(SRCROOT)/lib/gomtp.dylib",
					"$(SRCROOT)/lib/libusb.dylib",
					"-Wl,-w",
				);
				PRODUCT_BUNDLE_IDENTIFIER = me.neighborz.swiftmtp;
				PRODUCT_MODULE_NAME = SwiftMTP;
				PRODUCT_NAME = SwiftMTP;
				SWIFT_ACTIVE_COMPILATION_CONDITIONS = "";
				SWIFT_OBJC_BRIDGING_HEADER = "SwiftMTP-Bridging-Header.h";
				SWIFT_VERSION = 5.0;
			};
			name = Debug;
		};
		1A2B3C4D5E6F7A8000000620 /* Release */ = {
			isa = XCBuildConfiguration;
			buildSettings = {
				ALWAYS_SEARCH_USER_PATHS = NO;
				ASSETCATALOG_COMPILER_APPICON_NAME = MTPIcon;
				ASSETCATALOG_COMPILER_INCLUDE_ALL_APPICON_ASSETS = YES;
				CLANG_ANALYZER_NONNULL = YES;
				CLANG_CXX_LANGUAGE_STANDARD = "gnu++14";
				CLANG_ENABLE_MODULES = YES;
				CLANG_WARN_STRICT_PROTOTYPES = YES;
				CODE_SIGN_ENTITLEMENTS = SwiftMTP/SwiftMTP.entitlements;
				"CODE_SIGN_IDENTITY[sdk=macosx*]" = "-";
				CODE_SIGN_STYLE = Automatic;
				CURRENT_PROJECT_VERSION = 18;
				DEAD_CODE_STRIPPING = YES;
				DEVELOPMENT_ASSET_PATHS = "";
				ENABLE_APP_SANDBOX = YES;
				ENABLE_HARDENED_RUNTIME = YES;
				ENABLE_INCOMING_NETWORK_CONNECTIONS = NO;
				ENABLE_OUTGOING_NETWORK_CONNECTIONS = NO;
				ENABLE_RESOURCE_ACCESS_AUDIO_INPUT = NO;
				ENABLE_RESOURCE_ACCESS_BLUETOOTH = NO;
				ENABLE_RESOURCE_ACCESS_CALENDARS = NO;
				ENABLE_RESOURCE_ACCESS_CAMERA = NO;
				ENABLE_RESOURCE_ACCESS_CONTACTS = NO;
				ENABLE_RESOURCE_ACCESS_LOCATION = NO;
				ENABLE_RESOURCE_ACCESS_PRINTING = NO;
				ENABLE_RESOURCE_ACCESS_USB = YES;
				ENABLE_STRICT_OBJC_MSGSEND = YES;
				ENABLE_USER_SELECTED_FILES = readwrite;
				INFOPLIST_FILE = Info.plist;
				INFOPLIST_KEY_LSApplicationCategoryType = "public.app-category.utilities";
				LD_RUNPATH_SEARCH_PATHS = (
					"$(inherited)",
					"@executable_path/../Frameworks",
				);
				LIBRARY_SEARCH_PATHS = (
					"$(inherited)",
					"$(PROJECT_DIR)/lib",
				);
				MACOSX_DEPLOYMENT_TARGET = 12.0;
				MARKETING_VERSION = 1.2.3;
				OTHER_LDFLAGS = (
					"$(inherited)",
					"-ld_classic",
					"$(SRCROOT)/lib/gomtp.dylib",
					"$(SRCROOT)/lib/libusb.dylib",
					"-Wl,-w",
				);
				PRODUCT_BUNDLE_IDENTIFIER = me.neighborz.swiftmtp;
				PRODUCT_MODULE_NAME = SwiftMTP;
				PRODUCT_NAME = SwiftMTP;
				SWIFT_OBJC_BRIDGING_HEADER = "SwiftMTP-Bridging-Header.h";
				SWIFT_VERSION = 5.0;
			};
			name = Release;
		};
		1A2B3C4D5E6F7A8000000910 /* Debug */ = {
			isa = XCBuildConfiguration;
			buildSettings = {
				CLANG_ANALYZER_LOCALIZABILITY_NONLOCALIZED = YES;
				CLANG_WARN_BLOCK_CAPTURE_AUTORELEASING = YES;
				CLANG_WARN_BOOL_CONVERSION = YES;
				CLANG_WARN_COMMA = YES;
				CLANG_WARN_CONSTANT_CONVERSION = YES;
				CLANG_WARN_DEPRECATED_OBJC_IMPLEMENTATIONS = YES;
				CLANG_WARN_EMPTY_BODY = YES;
				CLANG_WARN_ENUM_CONVERSION = YES;
				CLANG_WARN_INFINITE_RECURSION = YES;
				CLANG_WARN_INT_CONVERSION = YES;
				CLANG_WARN_NON_LITERAL_NULL_CONVERSION = YES;
				CLANG_WARN_OBJC_IMPLICIT_RETAIN_SELF = YES;
				CLANG_WARN_OBJC_LITERAL_CONVERSION = YES;
				CLANG_WARN_QUOTED_INCLUDE_IN_FRAMEWORK_HEADER = YES;
				CLANG_WARN_RANGE_LOOP_ANALYSIS = YES;
				CLANG_WARN_STRICT_PROTOTYPES = YES;
				CLANG_WARN_SUSPICIOUS_MOVE = YES;
				CLANG_WARN_UNREACHABLE_CODE = YES;
				CLANG_WARN__DUPLICATE_METHOD_MATCH = YES;
				DEBUG_INFORMATION_FORMAT = dwarf;
				DEVELOPMENT_ASSET_PATH = "\"$(PROJECT_DIR)/$(CONFIGURATION)\"";
				GCC_WARN_64_TO_32_BIT_CONVERSION = YES;
				GCC_WARN_ABOUT_RETURN_TYPE = YES;
				GCC_WARN_UNDECLARED_SELECTOR = YES;
				GCC_WARN_UNINITIALIZED_AUTOS = YES;
				GCC_WARN_UNUSED_FUNCTION = YES;
				GCC_WARN_UNUSED_VARIABLE = YES;
				SDKROOT = macosx;
				SWIFT_OPTIMIZATION_LEVEL = "-Onone";
			};
			name = Debug;
		};
		1A2B3C4D5E6F7A8000000920 /* Release */ = {
			isa = XCBuildConfiguration;
			buildSettings = {
				CLANG_ANALYZER_LOCALIZABILITY_NONLOCALIZED = YES;
				CLANG_WARN_BLOCK_CAPTURE_AUTORELEASING = YES;
				CLANG_WARN_BOOL_CONVERSION = YES;
				CLANG_WARN_COMMA = YES;
				CLANG_WARN_CONSTANT_CONVERSION = YES;
				CLANG_WARN_DEPRECATED_OBJC_IMPLEMENTATIONS = YES;
				CLANG_WARN_EMPTY_BODY = YES;
				CLANG_WARN_ENUM_CONVERSION = YES;
				CLANG_WARN_INFINITE_RECURSION = YES;
				CLANG_WARN_INT_CONVERSION = YES;
				CLANG_WARN_NON_LITERAL_NULL_CONVERSION = YES;
				CLANG_WARN_OBJC_IMPLICIT_RETAIN_SELF = YES;
				CLANG_WARN_OBJC_LITERAL_CONVERSION = YES;
				CLANG_WARN_QUOTED_INCLUDE_IN_FRAMEWORK_HEADER = YES;
				CLANG_WARN_RANGE_LOOP_ANALYSIS = YES;
				CLANG_WARN_STRICT_PROTOTYPES = YES;
				CLANG_WARN_SUSPICIOUS_MOVE = YES;
				CLANG_WARN_UNREACHABLE_CODE = YES;
				CLANG_WARN__DUPLICATE_METHOD_MATCH = YES;
				DEBUG_INFORMATION_FORMAT = dwarf;
				GCC_WARN_64_TO_32_BIT_CONVERSION = YES;
				GCC_WARN_ABOUT_RETURN_TYPE = YES;
				GCC_WARN_UNDECLARED_SELECTOR = YES;
				GCC_WARN_UNINITIALIZED_AUTOS = YES;
				GCC_WARN_UNUSED_FUNCTION = YES;
				GCC_WARN_UNUSED_VARIABLE = YES;
				SDKROOT = macosx;
			};
			name = Release;
		};
		C717C1DE2FDEDFBE00E667E9 /* Debug */ = {
			isa = XCBuildConfiguration;
			buildSettings = {
				ALWAYS_SEARCH_USER_PATHS = NO;
				ASSETCATALOG_COMPILER_GENERATE_SWIFT_ASSET_SYMBOL_EXTENSIONS = YES;
				CLANG_ANALYZER_NONNULL = YES;
				CLANG_ANALYZER_NUMBER_OBJECT_CONVERSION = YES_AGGRESSIVE;
				CLANG_CXX_LANGUAGE_STANDARD = "gnu++20";
				CLANG_ENABLE_MODULES = YES;
				CLANG_ENABLE_OBJC_ARC = YES;
				CLANG_ENABLE_OBJC_WEAK = YES;
				CLANG_WARN_DIRECT_OBJC_ISA_USAGE = YES_ERROR;
				CLANG_WARN_DOCUMENTATION_COMMENTS = YES;
				CLANG_WARN_OBJC_ROOT_CLASS = YES_ERROR;
				CLANG_WARN_UNGUARDED_AVAILABILITY = YES_AGGRESSIVE;
				CODE_SIGN_STYLE = Automatic;
				COPY_PHASE_STRIP = NO;
				ENABLE_STRICT_OBJC_MSGSEND = YES;
				ENABLE_TESTABILITY = YES;
				ENABLE_USER_SCRIPT_SANDBOXING = YES;
				GCC_C_LANGUAGE_STANDARD = gnu17;
				GCC_DYNAMIC_NO_PIC = NO;
				GCC_NO_COMMON_BLOCKS = YES;
				GCC_OPTIMIZATION_LEVEL = 0;
				GCC_PREPROCESSOR_DEFINITIONS = (
					"DEBUG=1",
					"$(inherited)",
				);
				GCC_WARN_ABOUT_RETURN_TYPE = YES_ERROR;
				GCC_WARN_UNINITIALIZED_AUTOS = YES_AGGRESSIVE;
				LD_RUNPATH_SEARCH_PATHS = (
					"$(inherited)",
					"$(SRCROOT)/lib",
					"@executable_path",
				);
				LIBRARY_SEARCH_PATHS = (
					"$(inherited)",
					"$(PROJECT_DIR)/lib",
				);
				LOCALIZATION_PREFERS_STRING_CATALOGS = YES;
				MACOSX_DEPLOYMENT_TARGET = 12.0;
				MTL_ENABLE_DEBUG_INFO = INCLUDE_SOURCE;
				MTL_FAST_MATH = YES;
				ONLY_ACTIVE_ARCH = NO;
				OTHER_LDFLAGS = (
					"$(inherited)",
					"$(SRCROOT)/lib/gomtp.dylib",
					"$(SRCROOT)/lib/libusb.dylib",
				);
				PRODUCT_NAME = "$(TARGET_NAME)";
				SWIFT_ACTIVE_COMPILATION_CONDITIONS = "DEBUG $(inherited)";
				SWIFT_APPROACHABLE_CONCURRENCY = YES;
				SWIFT_OBJC_BRIDGING_HEADER = "SwiftMTP-Bridging-Header.h";
				SWIFT_UPCOMING_FEATURE_MEMBER_IMPORT_VISIBILITY = YES;
				SWIFT_VERSION = 5.0;
			};
			name = Debug;
		};
		C717C1DF2FDEDFBE00E667E9 /* Release */ = {
			isa = XCBuildConfiguration;
			buildSettings = {
				ALWAYS_SEARCH_USER_PATHS = NO;
				ASSETCATALOG_COMPILER_GENERATE_SWIFT_ASSET_SYMBOL_EXTENSIONS = YES;
				CLANG_ANALYZER_NONNULL = YES;
				CLANG_ANALYZER_NUMBER_OBJECT_CONVERSION = YES_AGGRESSIVE;
				CLANG_CXX_LANGUAGE_STANDARD = "gnu++20";
				CLANG_ENABLE_MODULES = YES;
				CLANG_ENABLE_OBJC_ARC = YES;
				CLANG_ENABLE_OBJC_WEAK = YES;
				CLANG_WARN_DIRECT_OBJC_ISA_USAGE = YES_ERROR;
				CLANG_WARN_DOCUMENTATION_COMMENTS = YES;
				CLANG_WARN_OBJC_ROOT_CLASS = YES_ERROR;
				CLANG_WARN_UNGUARDED_AVAILABILITY = YES_AGGRESSIVE;
				CODE_SIGN_STYLE = Automatic;
				COPY_PHASE_STRIP = NO;
				DEBUG_INFORMATION_FORMAT = "dwarf-with-dsym";
				ENABLE_NS_ASSERTIONS = NO;
				ENABLE_STRICT_OBJC_MSGSEND = YES;
				ENABLE_USER_SCRIPT_SANDBOXING = YES;
				GCC_C_LANGUAGE_STANDARD = gnu17;
				GCC_NO_COMMON_BLOCKS = YES;
				GCC_WARN_ABOUT_RETURN_TYPE = YES_ERROR;
				GCC_WARN_UNINITIALIZED_AUTOS = YES_AGGRESSIVE;
				LD_RUNPATH_SEARCH_PATHS = (
					"$(inherited)",
					"$(SRCROOT)/lib",
					"@executable_path",
				);
				LIBRARY_SEARCH_PATHS = (
					"$(inherited)",
					"$(PROJECT_DIR)/lib",
				);
				LOCALIZATION_PREFERS_STRING_CATALOGS = YES;
				MACOSX_DEPLOYMENT_TARGET = 12.0;
				MTL_ENABLE_DEBUG_INFO = NO;
				MTL_FAST_MATH = YES;
				OTHER_LDFLAGS = (
					"$(inherited)",
					"$(SRCROOT)/lib/gomtp.dylib",
					"$(SRCROOT)/lib/libusb.dylib",
				);
				PRODUCT_NAME = "$(TARGET_NAME)";
				SWIFT_APPROACHABLE_CONCURRENCY = YES;
				SWIFT_COMPILATION_MODE = wholemodule;
				SWIFT_OBJC_BRIDGING_HEADER = "SwiftMTP-Bridging-Header.h";
				SWIFT_UPCOMING_FEATURE_MEMBER_IMPORT_VISIBILITY = YES;
				SWIFT_VERSION = 5.0;
			};
			name = Release;
		};
/* End XCBuildConfiguration section */

/* Begin XCConfigurationList section */
		1A2B3C4D5E6F7A8000000600 /* Build configuration list for PBXNativeTarget "SwiftMTP" */ = {
			isa = XCConfigurationList;
			buildConfigurations = (
				1A2B3C4D5E6F7A8000000610 /* Debug */,
				1A2B3C4D5E6F7A8000000620 /* Release */,
			);
			defaultConfigurationIsVisible = 0;
			defaultConfigurationName = Release;
		};
		1A2B3C4D5E6F7A8000000900 /* Build configuration list for PBXProject "SwiftMTP" */ = {
			isa = XCConfigurationList;
			buildConfigurations = (
				1A2B3C4D5E6F7A8000000910 /* Debug */,
				1A2B3C4D5E6F7A8000000920 /* Release */,
			);
			defaultConfigurationIsVisible = 0;
			defaultConfigurationName = Release;
		};
		C717C1E02FDEDFBE00E667E9 /* Build configuration list for PBXNativeTarget "swiftmtp-cli" */ = {
			isa = XCConfigurationList;
			buildConfigurations = (
				C717C1DE2FDEDFBE00E667E9 /* Debug */,
				C717C1DF2FDEDFBE00E667E9 /* Release */,
			);
			defaultConfigurationIsVisible = 0;
			defaultConfigurationName = Release;
		};
/* End XCConfigurationList section */

/* Begin XCVersionGroup section */
		EE5C5A232FF50F690088FF1E /* SwiftMTP.xcdatamodeld */ = {
			isa = XCVersionGroup;
			children = (
				EE5C5A242FF50F690088FF1E /* SwiftMTP.xcdatamodel */,
			);
			currentVersion = EE5C5A242FF50F690088FF1E /* SwiftMTP.xcdatamodel */;
			path = SwiftMTP.xcdatamodeld;
			sourceTree = "<group>";
			versionGroupType = wrapper.xcdatamodel;
		};
/* End XCVersionGroup section */
	};
	rootObject = 1A2B3C4D5E6F7A8000000800 /* Project object */;
}
