// !$*UTF8*$!
{
	archiveVersion = 1;
	classes = {
	};
	objectVersion = 60;
	objects = {

/* Begin PBXBuildFile section */
		1A2B3C4D5E6F7A8000000001 /* SwiftMTP/SwiftMTPApp.swift in Sources */ = {isa = PBXBuildFile; fileRef = 1A2B3C4D5E6F7A8000000101 /* SwiftMTP/SwiftMTPApp.swift */; };
		1A2B3C4D5E6F7A8000000009 /* KalamShim/KalamShim.c in Sources */ = {isa = PBXBuildFile; fileRef = 1A2B3C4D5E6F7A8000000109 /* KalamShim/KalamShim.c */; };
		1A2B3C4D5E6F7A8000000010 /* lib/kalam.dylib in CopyFiles */ = {isa = PBXBuildFile; fileRef = 1A2B3C4D5E6F7A8000000110 /* lib/kalam.dylib */; settings = {ATTRIBUTES = (CodeSignOnCopy, ); }; };
		1A2B3C4D5E6F7A8000000011 /* lib/libusb.dylib in CopyFiles */ = {isa = PBXBuildFile; fileRef = 1A2B3C4D5E6F7A8000000111 /* lib/libusb.dylib */; settings = {ATTRIBUTES = (CodeSignOnCopy, ); }; };
		1A2B3C4D5E6F7A8000000012 /* Localizable.xcstrings in Sources */ = {isa = PBXBuildFile; fileRef = 1A2B3C4D5E6F7A8000000130 /* Localizable.xcstrings */; };
		1A2B3C4D5E6F7A8000000013 /* IOKit.framework in Frameworks */ = {isa = PBXBuildFile; fileRef = 1A2B3C4D5E6F7A8000000131 /* IOKit.framework */; };
		C705622C2F875E5F0055C8BE /* FavoriteItem.swift in Sources */ = {isa = PBXBuildFile; fileRef = C705622B2F875E5F0055C8BE /* FavoriteItem.swift */; };
		C705622E2F875E6E0055C8BE /* FavoritesManager.swift in Sources */ = {isa = PBXBuildFile; fileRef = C705622D2F875E6E0055C8BE /* FavoritesManager.swift */; };
		C725E65B2F7CCDD0007937AB /* ErrorStringLocalizer.swift in Sources */ = {isa = PBXBuildFile; fileRef = C725E65A2F7CCDD0007937AB /* ErrorStringLocalizer.swift */; };
		C72F6C242F87DFF10015604B /* QuickLookOverlayView.swift in Sources */ = {isa = PBXBuildFile; fileRef = C72F6C232F87DFF10015604B /* QuickLookOverlayView.swift */; };
		C7516A6B2F800866006B1603 /* USBProtocol.swift in Sources */ = {isa = PBXBuildFile; fileRef = C7516A6A2F800866006B1603 /* USBProtocol.swift */; };
		C7516A6E2F8008A5006B1603 /* MTPFile.swift in Sources */ = {isa = PBXBuildFile; fileRef = C7516A6D2F8008A5006B1603 /* MTPFile.swift */; };
		C7516A6F2F8008A5006B1603 /* MTPDevice.swift in Sources */ = {isa = PBXBuildFile; fileRef = C7516A6C2F8008A5006B1603 /* MTPDevice.swift */; };
		C7516A722F8008D9006B1603 /* KalamMTPManager.swift in Sources */ = {isa = PBXBuildFile; fileRef = C7516A702F8008D9006B1603 /* KalamMTPManager.swift */; };
		C7516A732F8008D9006B1603 /* USBMonitor.swift in Sources */ = {isa = PBXBuildFile; fileRef = C7516A712F8008D9006B1603 /* USBMonitor.swift */; };
		C7516A762F800911006B1603 /* MainView.swift in Sources */ = {isa = PBXBuildFile; fileRef = C7516A752F800911006B1603 /* MainView.swift */; };
		C7516A772F800911006B1603 /* FileListView.swift in Sources */ = {isa = PBXBuildFile; fileRef = C7516A742F800911006B1603 /* FileListView.swift */; };
		C7516A7A2F800928006B1603 /* SidebarView.swift in Sources */ = {isa = PBXBuildFile; fileRef = C7516A782F800928006B1603 /* SidebarView.swift */; };
		C7516A7B2F800928006B1603 /* ToolbarViews.swift in Sources */ = {isa = PBXBuildFile; fileRef = C7516A792F800928006B1603 /* ToolbarViews.swift */; };
		C7E5F65E2F78FF56004B6939 /* MTPIcon.icon in Resources */ = {isa = PBXBuildFile; fileRef = C7A475DB2F78E957005EDC2E /* MTPIcon.icon */; };
		C7FB2E5E2F7A6F6C0036FE3B /* TransferStatistics.swift in Sources */ = {isa = PBXBuildFile; fileRef = C7FB2E5D2F7A6F6C0036FE3B /* TransferStatistics.swift */; };
/* End PBXBuildFile section */

/* Begin PBXCopyFilesBuildPhase section */
		1A2B3C4D5E6F7A8000000420 /* CopyFiles */ = {
			isa = PBXCopyFilesBuildPhase;
			buildActionMask = 2147483647;
			dstPath = "";
			dstSubfolderSpec = 10;
			files = (
				1A2B3C4D5E6F7A8000000010 /* lib/kalam.dylib in CopyFiles */,
				1A2B3C4D5E6F7A8000000011 /* lib/libusb.dylib in CopyFiles */,
			);
			runOnlyForDeploymentPostprocessing = 0;
		};
/* End PBXCopyFilesBuildPhase section */

/* Begin PBXFileReference section */
		1A2B3C4D5E6F7A8000000101 /* SwiftMTP/SwiftMTPApp.swift */ = {isa = PBXFileReference; lastKnownFileType = sourcecode.swift; path = SwiftMTP/SwiftMTPApp.swift; sourceTree = "<group>"; };
		1A2B3C4D5E6F7A8000000109 /* KalamShim/KalamShim.c */ = {isa = PBXFileReference; lastKnownFileType = sourcecode.c.c; path = KalamShim/KalamShim.c; sourceTree = "<group>"; };
		1A2B3C4D5E6F7A8000000110 /* lib/kalam.dylib */ = {isa = PBXFileReference; lastKnownFileType = "compiled.mach-o.dylib"; path = lib/kalam.dylib; sourceTree = "<group>"; };
		1A2B3C4D5E6F7A8000000111 /* lib/libusb.dylib */ = {isa = PBXFileReference; lastKnownFileType = "compiled.mach-o.dylib"; path = lib/libusb.dylib; sourceTree = "<group>"; };
		1A2B3C4D5E6F7A8000000120 /* SwiftMTP-Bridging-Header.h */ = {isa = PBXFileReference; lastKnownFileType = sourcecode.c.h; path = "SwiftMTP-Bridging-Header.h"; sourceTree = "<group>"; };
		1A2B3C4D5E6F7A8000000130 /* Localizable.xcstrings */ = {isa = PBXFileReference; lastKnownFileType = text.xcstrings; path = Localizable.xcstrings; sourceTree = "<group>"; };
		1A2B3C4D5E6F7A8000000131 /* IOKit.framework */ = {isa = PBXFileReference; lastKnownFileType = wrapper.framework; name = IOKit.framework; path = System/Library/Frameworks/IOKit.framework; sourceTree = SDKROOT; };
		C705622B2F875E5F0055C8BE /* FavoriteItem.swift */ = {isa = PBXFileReference; lastKnownFileType = sourcecode.swift; name = FavoriteItem.swift; path = SwiftMTP/Models/FavoriteItem.swift; sourceTree = "<group>"; };
		C705622D2F875E6E0055C8BE /* FavoritesManager.swift */ = {isa = PBXFileReference; lastKnownFileType = sourcecode.swift; name = FavoritesManager.swift; path = SwiftMTP/Services/FavoritesManager.swift; sourceTree = "<group>"; };
		C725E65A2F7CCDD0007937AB /* ErrorStringLocalizer.swift */ = {isa = PBXFileReference; lastKnownFileType = sourcecode.swift; name = ErrorStringLocalizer.swift; path = SwiftMTP/Services/ErrorStringLocalizer.swift; sourceTree = "<group>"; };
		C72F6C232F87DFF10015604B /* QuickLookOverlayView.swift */ = {isa = PBXFileReference; lastKnownFileType = sourcecode.swift; name = QuickLookOverlayView.swift; path = SwiftMTP/Views/QuickLookOverlayView.swift; sourceTree = "<group>"; };
		C74E682E2F78CF5100F8A2FE /* SwiftMTP.app */ = {isa = PBXFileReference; explicitFileType = wrapper.application; includeInIndex = 0; path = SwiftMTP.app; sourceTree = BUILT_PRODUCTS_DIR; };
		C7516A6A2F800866006B1603 /* USBProtocol.swift */ = {isa = PBXFileReference; lastKnownFileType = sourcecode.swift; name = USBProtocol.swift; path = SwiftMTP/Models/USBProtocol.swift; sourceTree = "<group>"; };
		C7516A6C2F8008A5006B1603 /* MTPDevice.swift */ = {isa = PBXFileReference; lastKnownFileType = sourcecode.swift; name = MTPDevice.swift; path = SwiftMTP/Models/MTPDevice.swift; sourceTree = "<group>"; };
		C7516A6D2F8008A5006B1603 /* MTPFile.swift */ = {isa = PBXFileReference; lastKnownFileType = sourcecode.swift; name = MTPFile.swift; path = SwiftMTP/Models/MTPFile.swift; sourceTree = "<group>"; };
		C7516A702F8008D9006B1603 /* KalamMTPManager.swift */ = {isa = PBXFileReference; lastKnownFileType = sourcecode.swift; name = KalamMTPManager.swift; path = SwiftMTP/Services/KalamMTPManager.swift; sourceTree = "<group>"; };
		C7516A712F8008D9006B1603 /* USBMonitor.swift */ = {isa = PBXFileReference; lastKnownFileType = sourcecode.swift; name = USBMonitor.swift; path = SwiftMTP/Services/USBMonitor.swift; sourceTree = "<group>"; };
		C7516A742F800911006B1603 /* FileListView.swift */ = {isa = PBXFileReference; lastKnownFileType = sourcecode.swift; name = FileListView.swift; path = SwiftMTP/Views/FileListView.swift; sourceTree = "<group>"; };
		C7516A752F800911006B1603 /* MainView.swift */ = {isa = PBXFileReference; lastKnownFileType = sourcecode.swift; name = MainView.swift; path = SwiftMTP/Views/MainView.swift; sourceTree = "<group>"; };
		C7516A782F800928006B1603 /* SidebarView.swift */ = {isa = PBXFileReference; lastKnownFileType = sourcecode.swift; name = SidebarView.swift; path = SwiftMTP/Views/SidebarView.swift; sourceTree = "<group>"; };
		C7516A792F800928006B1603 /* ToolbarViews.swift */ = {isa = PBXFileReference; lastKnownFileType = sourcecode.swift; name = ToolbarViews.swift; path = SwiftMTP/Views/ToolbarViews.swift; sourceTree = "<group>"; };
		C7A475DB2F78E957005EDC2E /* MTPIcon.icon */ = {isa = PBXFileReference; lastKnownFileType = folder.iconcomposer.icon; path = MTPIcon.icon; sourceTree = "<group>"; };
		C7FB2E5D2F7A6F6C0036FE3B /* TransferStatistics.swift */ = {isa = PBXFileReference; lastKnownFileType = sourcecode.swift; name = TransferStatistics.swift; path = SwiftMTP/Models/TransferStatistics.swift; sourceTree = "<group>"; };
/* End PBXFileReference section */

/* Begin PBXFrameworksBuildPhase section */
		1A2B3C4D5E6F7A8000000410 /* Frameworks */ = {
			isa = PBXFrameworksBuildPhase;
			buildActionMask = 2147483647;
			files = (
				1A2B3C4D5E6F7A8000000013 /* IOKit.framework in Frameworks */,
			);
			runOnlyForDeploymentPostprocessing = 0;
		};
/* End PBXFrameworksBuildPhase section */

/* Begin PBXGroup section */
		1A2B3C4D5E6F7A8000000200 = {
			isa = PBXGroup;
			children = (
				1A2B3C4D5E6F7A8000000300 /* SwiftMTP */,
				1A2B3C4D5E6F7A8000000350 /* KalamShim */,
				1A2B3C4D5E6F7A8000000310 /* lib */,
				1A2B3C4D5E6F7A8000000120 /* SwiftMTP-Bridging-Header.h */,
				1A2B3C4D5E6F7A8000000130 /* Localizable.xcstrings */,
				C74E682D2F78CF5100F8A2FE /* Recovered References */,
				C74E682E2F78CF5100F8A2FE /* SwiftMTP.app */,
			);
			sourceTree = "<group>";
		};
		1A2B3C4D5E6F7A8000000300 /* SwiftMTP */ = {
			isa = PBXGroup;
			children = (
				1A2B3C4D5E6F7A8000000101 /* SwiftMTP/SwiftMTPApp.swift */,
				1A2B3C4D5E6F7A8000000320 /* Views */,
				1A2B3C4D5E6F7A8000000330 /* Services */,
				1A2B3C4D5E6F7A8000000340 /* Models */,
				C7A475DB2F78E957005EDC2E /* MTPIcon.icon */,
			);
			name = SwiftMTP;
			sourceTree = "<group>";
		};
		1A2B3C4D5E6F7A8000000310 /* lib */ = {
			isa = PBXGroup;
			children = (
				1A2B3C4D5E6F7A8000000110 /* lib/kalam.dylib */,
				1A2B3C4D5E6F7A8000000111 /* lib/libusb.dylib */,
			);
			name = lib;
			sourceTree = "<group>";
		};
		1A2B3C4D5E6F7A8000000320 /* Views */ = {
			isa = PBXGroup;
			children = (
				C72F6C232F87DFF10015604B /* QuickLookOverlayView.swift */,
				C7516A782F800928006B1603 /* SidebarView.swift */,
				C7516A792F800928006B1603 /* ToolbarViews.swift */,
				C7516A742F800911006B1603 /* FileListView.swift */,
				C7516A752F800911006B1603 /* MainView.swift */,
			);
			name = Views;
			sourceTree = "<group>";
		};
		1A2B3C4D5E6F7A8000000330 /* Services */ = {
			isa = PBXGroup;
			children = (
				C705622D2F875E6E0055C8BE /* FavoritesManager.swift */,
				C7516A702F8008D9006B1603 /* KalamMTPManager.swift */,
				C7516A712F8008D9006B1603 /* USBMonitor.swift */,
				C725E65A2F7CCDD0007937AB /* ErrorStringLocalizer.swift */,
			);
			name = Services;
			sourceTree = "<group>";
		};
		1A2B3C4D5E6F7A8000000340 /* Models */ = {
			isa = PBXGroup;
			children = (
				C705622B2F875E5F0055C8BE /* FavoriteItem.swift */,
				C7516A6C2F8008A5006B1603 /* MTPDevice.swift */,
				C7516A6D2F8008A5006B1603 /* MTPFile.swift */,
				C7516A6A2F800866006B1603 /* USBProtocol.swift */,
				C7FB2E5D2F7A6F6C0036FE3B /* TransferStatistics.swift */,
			);
			name = Models;
			sourceTree = "<group>";
		};
		1A2B3C4D5E6F7A8000000350 /* KalamShim */ = {
			isa = PBXGroup;
			children = (
				1A2B3C4D5E6F7A8000000109 /* KalamShim/KalamShim.c */,
			);
			name = KalamShim;
			sourceTree = "<group>";
		};
		C74E682D2F78CF5100F8A2FE /* Recovered References */ = {
			isa = PBXGroup;
			children = (
				1A2B3C4D5E6F7A8000000131 /* IOKit.framework */,
			);
			name = "Recovered References";
			sourceTree = "<group>";
		};
/* End PBXGroup section */

/* Begin PBXNativeTarget section */
		1A2B3C4D5E6F7A8000000500 /* SwiftMTP */ = {
			isa = PBXNativeTarget;
			buildConfigurationList = 1A2B3C4D5E6F7A8000000600 /* Build configuration list for PBXNativeTarget "SwiftMTP" */;
			buildPhases = (
				1A2B3C4D5E6F7A8000000430 /* ShellScript */,
				1A2B3C4D5E6F7A8000000400 /* Sources */,
				1A2B3C4D5E6F7A8000000410 /* Frameworks */,
				1A2B3C4D5E6F7A8000000420 /* CopyFiles */,
				C7E5F65D2F78FF4F004B6939 /* Resources */,
			);
			buildRules = (
			);
			dependencies = (
			);
			name = SwiftMTP;
			productName = SwiftMTP;
			productReference = C74E682E2F78CF5100F8A2FE /* SwiftMTP.app */;
			productType = "com.apple.product-type.application";
		};
/* End PBXNativeTarget section */

/* Begin PBXProject section */
		1A2B3C4D5E6F7A8000000800 /* Project object */ = {
			isa = PBXProject;
			attributes = {
				BuildIndependentTargetsInParallel = YES;
				LastSwiftUpdateCheck = 1530;
				LastUpgradeCheck = 2610;
			};
			buildConfigurationList = 1A2B3C4D5E6F7A8000000900 /* Build configuration list for PBXProject "SwiftMTP" */;
			compatibilityVersion = "Xcode 15.0";
			developmentRegion = en;
			hasScannedForEncodings = 0;
			knownRegions = (
				en,
				es,
				ja,
				"zh-Hans",
				"zh-Hant",
				Base,
			);
			mainGroup = 1A2B3C4D5E6F7A8000000200;
			productRefGroup = 1A2B3C4D5E6F7A8000000200;
			projectDirPath = "";
			projectRoot = "";
			targets = (
				1A2B3C4D5E6F7A8000000500 /* SwiftMTP */,
			);
		};
/* End PBXProject section */

/* Begin PBXResourcesBuildPhase section */
		C7E5F65D2F78FF4F004B6939 /* Resources */ = {
			isa = PBXResourcesBuildPhase;
			buildActionMask = 2147483647;
			files = (
				C7E5F65E2F78FF56004B6939 /* MTPIcon.icon in Resources */,
			);
			runOnlyForDeploymentPostprocessing = 0;
		};
/* End PBXResourcesBuildPhase section */

/* Begin PBXShellScriptBuildPhase section */
		1A2B3C4D5E6F7A8000000430 /* ShellScript */ = {
			isa = PBXShellScriptBuildPhase;
			buildActionMask = 2147483647;
			files = (
			);
			inputPaths = (
				"$(SRCROOT)/lib/kalam.dylib",
				"$(SRCROOT)/lib/libusb.dylib",
			);
			outputPaths = (
				"$(DERIVED_FILE_DIR)/fix-dylib-install-names.stamp",
			);
			runOnlyForDeploymentPostprocessing = 0;
			shellPath = /bin/sh;
			shellScript = "install_name_tool -id \"@rpath/kalam.dylib\" \"${SRCROOT}/lib/kalam.dylib\" 2>/dev/null || true\ninstall_name_tool -id \"@rpath/libusb.dylib\" \"${SRCROOT}/lib/libusb.dylib\" 2>/dev/null || true\ntouch \"${DERIVED_FILE_DIR}/fix-dylib-install-names.stamp\"\n";
		};
/* End PBXShellScriptBuildPhase section */

/* Begin PBXSourcesBuildPhase section */
		1A2B3C4D5E6F7A8000000400 /* Sources */ = {
			isa = PBXSourcesBuildPhase;
			buildActionMask = 2147483647;
			files = (
				1A2B3C4D5E6F7A8000000001 /* SwiftMTP/SwiftMTPApp.swift in Sources */,
				C7516A6B2F800866006B1603 /* USBProtocol.swift in Sources */,
				C7516A762F800911006B1603 /* MainView.swift in Sources */,
				C7516A772F800911006B1603 /* FileListView.swift in Sources */,
				C7FB2E5E2F7A6F6C0036FE3B /* TransferStatistics.swift in Sources */,
				1A2B3C4D5E6F7A8000000009 /* KalamShim/KalamShim.c in Sources */,
				C72F6C242F87DFF10015604B /* QuickLookOverlayView.swift in Sources */,
				C7516A7A2F800928006B1603 /* SidebarView.swift in Sources */,
				C7516A7B2F800928006B1603 /* ToolbarViews.swift in Sources */,
				C7516A722F8008D9006B1603 /* KalamMTPManager.swift in Sources */,
				C7516A732F8008D9006B1603 /* USBMonitor.swift in Sources */,
				1A2B3C4D5E6F7A8000000012 /* Localizable.xcstrings in Sources */,
				C705622E2F875E6E0055C8BE /* FavoritesManager.swift in Sources */,
				C7516A6E2F8008A5006B1603 /* MTPFile.swift in Sources */,
				C705622C2F875E5F0055C8BE /* FavoriteItem.swift in Sources */,
				C7516A6F2F8008A5006B1603 /* MTPDevice.swift in Sources */,
				C725E65B2F7CCDD0007937AB /* ErrorStringLocalizer.swift in Sources */,
			);
			runOnlyForDeploymentPostprocessing = 0;
		};
/* End PBXSourcesBuildPhase section */

/* Begin XCBuildConfiguration section */
		1A2B3C4D5E6F7A8000000610 /* Debug */ = {
			isa = XCBuildConfiguration;
			buildSettings = {
				ALWAYS_SEARCH_USER_PATHS = NO;
				ASSETCATALOG_COMPILER_APPICON_NAME = MTPIcon;
				ASSETCATALOG_COMPILER_INCLUDE_ALL_APPICON_ASSETS = YES;
				CLANG_ANALYZER_NONNULL = YES;
				CLANG_CXX_LANGUAGE_STANDARD = "gnu++14";
				CLANG_ENABLE_MODULES = YES;
				CLANG_WARN_STRICT_PROTOTYPES = YES;
				CODE_SIGN_ENTITLEMENTS = SwiftMTP/SwiftMTP.entitlements;
				"CODE_SIGN_IDENTITY[sdk=macosx*]" = "-";
				CODE_SIGN_STYLE = Automatic;
				CURRENT_PROJECT_VERSION = 25;
				DEAD_CODE_STRIPPING = YES;
				DEVELOPMENT_ASSET_PATHS = "";
				ENABLE_HARDENED_RUNTIME = YES;
				ENABLE_STRICT_OBJC_MSGSEND = YES;
				INFOPLIST_FILE = Info.plist;
				INFOPLIST_KEY_LSApplicationCategoryType = "public.app-category.utilities";
				LD_RUNPATH_SEARCH_PATHS = (
					"$(inherited)",
					"@executable_path/../Frameworks",
				);
				MACOSX_DEPLOYMENT_TARGET = 12.0;
				MARKETING_VERSION = 1.0;
				OTHER_LDFLAGS = (
					"$(inherited)",
					"-ld_classic",
					"$(SRCROOT)/lib/kalam.dylib",
					"$(SRCROOT)/lib/libusb.dylib",
					"-Wl,-w",
				);
				PRODUCT_BUNDLE_IDENTIFIER = me.neighborz.swiftmtp;
				PRODUCT_MODULE_NAME = SwiftMTP;
				PRODUCT_NAME = SwiftMTP;
				SWIFT_OBJC_BRIDGING_HEADER = "SwiftMTP-Bridging-Header.h";
				SWIFT_VERSION = 5.0;
			};
			name = Debug;
		};
		1A2B3C4D5E6F7A8000000620 /* Release */ = {
			isa = XCBuildConfiguration;
			buildSettings = {
				ALWAYS_SEARCH_USER_PATHS = NO;
				ASSETCATALOG_COMPILER_APPICON_NAME = MTPIcon;
				ASSETCATALOG_COMPILER_INCLUDE_ALL_APPICON_ASSETS = YES;
				CLANG_ANALYZER_NONNULL = YES;
				CLANG_CXX_LANGUAGE_STANDARD = "gnu++14";
				CLANG_ENABLE_MODULES = YES;
				CLANG_WARN_STRICT_PROTOTYPES = YES;
				CODE_SIGN_ENTITLEMENTS = SwiftMTP/SwiftMTP.entitlements;
				"CODE_SIGN_IDENTITY[sdk=macosx*]" = "-";
				CODE_SIGN_STYLE = Automatic;
				CURRENT_PROJECT_VERSION = 25;
				DEAD_CODE_STRIPPING = YES;
				DEVELOPMENT_ASSET_PATHS = "";
				ENABLE_HARDENED_RUNTIME = YES;
				ENABLE_STRICT_OBJC_MSGSEND = YES;
				INFOPLIST_FILE = Info.plist;
				INFOPLIST_KEY_LSApplicationCategoryType = "public.app-category.utilities";
				LD_RUNPATH_SEARCH_PATHS = (
					"$(inherited)",
					"@executable_path/../Frameworks",
				);
				MACOSX_DEPLOYMENT_TARGET = 12.0;
				MARKETING_VERSION = 1.0;
				OTHER_LDFLAGS = (
					"$(inherited)",
					"-ld_classic",
					"$(SRCROOT)/lib/kalam.dylib",
					"$(SRCROOT)/lib/libusb.dylib",
					"-Wl,-w",
				);
				PRODUCT_BUNDLE_IDENTIFIER = me.neighborz.swiftmtp;
				PRODUCT_MODULE_NAME = SwiftMTP;
				PRODUCT_NAME = SwiftMTP;
				SWIFT_OBJC_BRIDGING_HEADER = "SwiftMTP-Bridging-Header.h";
				SWIFT_VERSION = 5.0;
			};
			name = Release;
		};
		1A2B3C4D5E6F7A8000000910 /* Debug */ = {
			isa = XCBuildConfiguration;
			buildSettings = {
				CLANG_ANALYZER_LOCALIZABILITY_NONLOCALIZED = YES;
				CLANG_WARN_BLOCK_CAPTURE_AUTORELEASING = YES;
				CLANG_WARN_BOOL_CONVERSION = YES;
				CLANG_WARN_COMMA = YES;
				CLANG_WARN_CONSTANT_CONVERSION = YES;
				CLANG_WARN_DEPRECATED_OBJC_IMPLEMENTATIONS = YES;
				CLANG_WARN_EMPTY_BODY = YES;
				CLANG_WARN_ENUM_CONVERSION = YES;
				CLANG_WARN_INFINITE_RECURSION = YES;
				CLANG_WARN_INT_CONVERSION = YES;
				CLANG_WARN_NON_LITERAL_NULL_CONVERSION = YES;
				CLANG_WARN_OBJC_IMPLICIT_RETAIN_SELF = YES;
				CLANG_WARN_OBJC_LITERAL_CONVERSION = YES;
				CLANG_WARN_QUOTED_INCLUDE_IN_FRAMEWORK_HEADER = YES;
				CLANG_WARN_RANGE_LOOP_ANALYSIS = YES;
				CLANG_WARN_STRICT_PROTOTYPES = YES;
				CLANG_WARN_SUSPICIOUS_MOVE = YES;
				CLANG_WARN_UNREACHABLE_CODE = YES;
				CLANG_WARN__DUPLICATE_METHOD_MATCH = YES;
				DEBUG_INFORMATION_FORMAT = dwarf;
				DEVELOPMENT_ASSET_PATH = "\"$(PROJECT_DIR)/$(CONFIGURATION)\"";
				GCC_WARN_64_TO_32_BIT_CONVERSION = YES;
				GCC_WARN_ABOUT_RETURN_TYPE = YES;
				GCC_WARN_UNDECLARED_SELECTOR = YES;
				GCC_WARN_UNINITIALIZED_AUTOS = YES;
				GCC_WARN_UNUSED_FUNCTION = YES;
				GCC_WARN_UNUSED_VARIABLE = YES;
				SDKROOT = macosx;
				SWIFT_OPTIMIZATION_LEVEL = "-Onone";
			};
			name = Debug;
		};
		1A2B3C4D5E6F7A8000000920 /* Release */ = {
			isa = XCBuildConfiguration;
			buildSettings = {
				CLANG_ANALYZER_LOCALIZABILITY_NONLOCALIZED = YES;
				CLANG_WARN_BLOCK_CAPTURE_AUTORELEASING = YES;
				CLANG_WARN_BOOL_CONVERSION = YES;
				CLANG_WARN_COMMA = YES;
				CLANG_WARN_CONSTANT_CONVERSION = YES;
				CLANG_WARN_DEPRECATED_OBJC_IMPLEMENTATIONS = YES;
				CLANG_WARN_EMPTY_BODY = YES;
				CLANG_WARN_ENUM_CONVERSION = YES;
				CLANG_WARN_INFINITE_RECURSION = YES;
				CLANG_WARN_INT_CONVERSION = YES;
				CLANG_WARN_NON_LITERAL_NULL_CONVERSION = YES;
				CLANG_WARN_OBJC_IMPLICIT_RETAIN_SELF = YES;
				CLANG_WARN_OBJC_LITERAL_CONVERSION = YES;
				CLANG_WARN_QUOTED_INCLUDE_IN_FRAMEWORK_HEADER = YES;
				CLANG_WARN_RANGE_LOOP_ANALYSIS = YES;
				CLANG_WARN_STRICT_PROTOTYPES = YES;
				CLANG_WARN_SUSPICIOUS_MOVE = YES;
				CLANG_WARN_UNREACHABLE_CODE = YES;
				CLANG_WARN__DUPLICATE_METHOD_MATCH = YES;
				DEBUG_INFORMATION_FORMAT = dwarf;
				GCC_WARN_64_TO_32_BIT_CONVERSION = YES;
				GCC_WARN_ABOUT_RETURN_TYPE = YES;
				GCC_WARN_UNDECLARED_SELECTOR = YES;
				GCC_WARN_UNINITIALIZED_AUTOS = YES;
				GCC_WARN_UNUSED_FUNCTION = YES;
				GCC_WARN_UNUSED_VARIABLE = YES;
				SDKROOT = macosx;
			};
			name = Release;
		};
/* End XCBuildConfiguration section */

/* Begin XCConfigurationList section */
		1A2B3C4D5E6F7A8000000600 /* Build configuration list for PBXNativeTarget "SwiftMTP" */ = {
			isa = XCConfigurationList;
			buildConfigurations = (
				1A2B3C4D5E6F7A8000000610 /* Debug */,
				1A2B3C4D5E6F7A8000000620 /* Release */,
			);
			defaultConfigurationIsVisible = 0;
			defaultConfigurationName = Release;
		};
		1A2B3C4D5E6F7A8000000900 /* Build configuration list for PBXProject "SwiftMTP" */ = {
			isa = XCConfigurationList;
			buildConfigurations = (
				1A2B3C4D5E6F7A8000000910 /* Debug */,
				1A2B3C4D5E6F7A8000000920 /* Release */,
			);
			defaultConfigurationIsVisible = 0;
			defaultConfigurationName = Release;
		};
/* End XCConfigurationList section */
	};
	rootObject = 1A2B3C4D5E6F7A8000000800 /* Project object */;
}
